github.com/BurntSushi/toml v0.3.1 h1:WXkYYl6Yr3qBf1K79EBnL4mak0OimBfB0XUf9Vl28OQ=
github.com/BurntSushi/toml v0.3.1/go.mod h1:xHWCNGjB5oqiDr8zfno3MHue2Ht5sIBksp03qcyfWMU=
github.com/d1str0/hpfeeds v0.1.1 h1:ni3FrwJNbJ149hTms2W219lRdg7OC7Tpaj0VLdEoV/c=
github.com/d1str0/hpfeeds v0.1.1/go.mod h1:Vz6oY+o+BF++pu8d/Aj9fjeVWMTGQjOIi2Ow/2+kLSY=
github.com/d1str0/hpfeeds v0.1.2 h1:wrButhCzTj0njNHVCjmP/0WalOvZ1527d8cbelnEH44=
github.com/d1str0/hpfeeds v0.1.2/go.mod h1:Vz6oY+o+BF++pu8d/Aj9fjeVWMTGQjOIi2Ow/2+kLSY=
github.com/google/uuid v1.1.0 h1:Jf4mxPC/ziBnoPIdpQdPJ9OeiomAUHLvxmPRSPH9m4s=
github.com/google/uuid v1.1.0/go.mod h1:TIyPZe4MgqvfeYDBFedMoGGpEw/LqOeaOT+nhxU+yHo=
