github.com/BurntSushi/toml v0.3.1 h1:WXkYYl6Yr3qBf1K79EBnL4mak0OimBfB0XUf9Vl28OQ=
github.com/BurntSushi/toml v0.3.1/go.mod h1:xHWCNGjB5oqiDr8zfno3MHue2Ht5sIBksp03qcyfWMU=
github.com/d1str0/hpfeeds v0.1.1 h1:ni3FrwJNbJ149hTms2W219lRdg7OC7Tpaj0VLdEoV/c=
github.com/d1str0/hpfeeds v0.1.1/go.mod h1:Vz6oY+o+BF++pu8d/Aj9fjeVWMTGQjOIi2Ow/2+kLSY=
